
Microsoft Visual Studio Solution File, Format Version 12.00
# Visual Studio Version 16
VisualStudioVersion = 16.0.30225.117
MinimumVisualStudioVersion = 10.0.40219.1
Project("{2150E333-8FDC-42A3-9474-1A3956D46DE8}") = "Chap03", "Chap03", "{A3D4FF78-DFED-4856-94C2-413EEDD79D8E}"
EndProject
Project("{2150E333-8FDC-42A3-9474-1A3956D46DE8}") = "Chap04", "Chap04", "{001A2468-179F-4C3C-848A-6E64826BB44D}"
EndProject
Project("{FAE04EC0-301F-11D3-BF4B-00C04F79EFBC}") = "IfElseApp", "IfElseApp\IfElseApp.csproj", "{0E8AB0EA-C229-41A6-BEB5-F4315E955480}"
EndProject
Project("{FAE04EC0-301F-11D3-BF4B-00C04F79EFBC}") = "SwitchCaseApp", "SwitchCaseApp\SwitchCaseApp.csproj", "{254C9BBE-8658-447F-9D82-873CC149BFC1}"
EndProject
Project("{FAE04EC0-301F-11D3-BF4B-00C04F79EFBC}") = "StudyString", "StudyString\StudyString.csproj", "{59781F4B-E08C-455B-BF8C-E934E37FEBAF}"
EndProject
Project("{2150E333-8FDC-42A3-9474-1A3956D46DE8}") = "Chap05", "Chap05", "{8BC7BE13-A40A-4A0D-982A-1EAEF3F6DF00}"
EndProject
Project("{FAE04EC0-301F-11D3-BF4B-00C04F79EFBC}") = "ListForeachApp", "ListForeachApp\ListForeachApp.csproj", "{B3303043-7DC8-4203-BEC8-7C0FB65EF6C2}"
EndProject
Project("{FAE04EC0-301F-11D3-BF4B-00C04F79EFBC}") = "SwapByValue", "SwapByValue\SwapByValue.csproj", "{C893C6FE-576D-4E7E-B8F5-381C8ABD63B2}"
EndProject
Project("{FAE04EC0-301F-11D3-BF4B-00C04F79EFBC}") = "RefReturn", "RefReturn\RefReturn.csproj", "{8B7BD975-789F-4064-A560-059A8526AC3C}"
EndProject
Project("{FAE04EC0-301F-11D3-BF4B-00C04F79EFBC}") = "UsingOut", "UsingOut\UsingOut.csproj", "{A6302ABB-133E-4F39-8668-3B7B3E7DA6CE}"
EndProject
Project("{2150E333-8FDC-42A3-9474-1A3956D46DE8}") = "Chap06", "Chap06", "{719B1077-7308-4103-A1FC-D671C4602480}"
EndProject
Project("{FAE04EC0-301F-11D3-BF4B-00C04F79EFBC}") = "localFuction", "localFuction\localFuction.csproj", "{B175434A-7E3C-4E5F-A932-FA99DE1E7B11}"
EndProject
Project("{FAE04EC0-301F-11D3-BF4B-00C04F79EFBC}") = "OverRoading", "OverRoading\OverRoading.csproj", "{1494BF10-6E07-450A-92B5-C9676787E132}"
EndProject
Project("{FAE04EC0-301F-11D3-BF4B-00C04F79EFBC}") = "chap06_ex01", "chap06_ex01\chap06_ex01.csproj", "{80579E75-5133-42B2-82A1-2055FBB58B42}"
EndProject
Project("{FAE04EC0-301F-11D3-BF4B-00C04F79EFBC}") = "chap06_ex02", "chap06_ex02\chap06_ex02.csproj", "{3B8322B7-7FAE-41A4-BD45-1F55EB81DFDD}"
EndProject
Project("{FAE04EC0-301F-11D3-BF4B-00C04F79EFBC}") = "chap06_ex03", "chap06_ex03\chap06_ex03.csproj", "{A319A33F-C5F0-4764-A76E-1614493977E6}"
EndProject
Project("{2150E333-8FDC-42A3-9474-1A3956D46DE8}") = "Chap07", "Chap07", "{C1B2FD3F-E35F-4257-8F52-91410103D4F3}"
EndProject
Project("{FAE04EC0-301F-11D3-BF4B-00C04F79EFBC}") = "BasicClass", "BasicClass\BasicClass.csproj", "{EAE4CFFB-7FFF-4544-BBA4-2FFF2B4FEE28}"
EndProject
Project("{FAE04EC0-301F-11D3-BF4B-00C04F79EFBC}") = "StaticField", "StaticField\StaticField.csproj", "{2471E8E1-F1AF-4EA9-9BA9-DB6F214C6081}"
EndProject
Project("{FAE04EC0-301F-11D3-BF4B-00C04F79EFBC}") = "DeepCopy", "DeepCopy\DeepCopy.csproj", "{188861C5-C5B7-43B7-8A8E-E8EAEB0FC0E6}"
EndProject
Project("{FAE04EC0-301F-11D3-BF4B-00C04F79EFBC}") = "AccessModifier", "AccessModifier\AccessModifier.csproj", "{1CE51D49-7C78-4E6A-8FC0-EFBCDE692CD2}"
EndProject
Project("{FAE04EC0-301F-11D3-BF4B-00C04F79EFBC}") = "Inheritance", "Inheritance\Inheritance.csproj", "{403E3443-8335-4643-8DC7-48E7863847AA}"
EndProject
Project("{FAE04EC0-301F-11D3-BF4B-00C04F79EFBC}") = "ClassTypeCasting", "ClassTypeCasting\ClassTypeCasting.csproj", "{85C94557-A9F9-4BFA-A29A-27F2593B9EA4}"
EndProject
Project("{FAE04EC0-301F-11D3-BF4B-00C04F79EFBC}") = "Overriding", "Overriding\Overriding.csproj", "{F6102299-C280-4574-8A6E-BE5FD54A9B03}"
EndProject
Project("{FAE04EC0-301F-11D3-BF4B-00C04F79EFBC}") = "NestedClass", "NestedClass\NestedClass.csproj", "{402CEDF7-C07E-4CC7-9E26-8D075CE21A8A}"
EndProject
Project("{FAE04EC0-301F-11D3-BF4B-00C04F79EFBC}") = "ExtensionMethod", "ExtensionMethod\ExtensionMethod.csproj", "{A7F1351A-1EDE-4A93-BECC-C699BA05581E}"
EndProject
Project("{FAE04EC0-301F-11D3-BF4B-00C04F79EFBC}") = "Structure", "Structure\Structure.csproj", "{75D9E0E5-74E3-4326-BA67-12C14CD85621}"
EndProject
Project("{FAE04EC0-301F-11D3-BF4B-00C04F79EFBC}") = "Tuple", "Tuple\Tuple.csproj", "{41A9C9E9-AD51-4390-BE03-87A635E09BBB}"
EndProject
Project("{2150E333-8FDC-42A3-9474-1A3956D46DE8}") = "Chap08", "Chap08", "{F124FB15-0497-4008-97C9-C399F6160FBC}"
EndProject
Project("{FAE04EC0-301F-11D3-BF4B-00C04F79EFBC}") = "Interface", "Interface\Interface.csproj", "{AE3B2FD2-F88B-4AB5-A5A0-A952364E660F}"
EndProject
Project("{FAE04EC0-301F-11D3-BF4B-00C04F79EFBC}") = "MultiInterfaceInheritance", "MultiInterfaceInheritance\MultiInterfaceInheritance.csproj", "{E69B8F68-091E-4600-9FB8-829C51999EEE}"
EndProject
Project("{FAE04EC0-301F-11D3-BF4B-00C04F79EFBC}") = "AbstractClass", "AbstractClass\AbstractClass.csproj", "{6EDFE8D7-C45F-4EDE-AFAB-6B71361C9796}"
EndProject
Project("{2150E333-8FDC-42A3-9474-1A3956D46DE8}") = "Chap09", "Chap09", "{B429E6CD-4983-48AA-8B8F-06A6CAC0EBEB}"
EndProject
Project("{FAE04EC0-301F-11D3-BF4B-00C04F79EFBC}") = "Property", "Property\Property.csproj", "{D7508D7A-B44C-4256-8152-B7ABCA24B816}"
EndProject
Project("{FAE04EC0-301F-11D3-BF4B-00C04F79EFBC}") = "PropertyInterface", "PropertyInterface\PropertyInterface.csproj", "{64D53140-7D42-4437-AB39-6B6DD0FACB11}"
EndProject
Project("{2150E333-8FDC-42A3-9474-1A3956D46DE8}") = "Chap10", "Chap10", "{BB3E41C5-689E-447B-9B43-E92DD88205AC}"
EndProject
Project("{FAE04EC0-301F-11D3-BF4B-00C04F79EFBC}") = "UsingArrayList", "UsingArrayList\UsingArrayList.csproj", "{AB6798B8-A0F6-4FA0-A17F-932C9D9F3E28}"
EndProject
Project("{FAE04EC0-301F-11D3-BF4B-00C04F79EFBC}") = "UsingHashTable", "UsingHashTable\UsingHashTable.csproj", "{3CE8A5A0-8C18-492E-8BA7-9FBEB8C68DBB}"
EndProject
Project("{FAE04EC0-301F-11D3-BF4B-00C04F79EFBC}") = "UsingIndexer", "UsingIndexer\UsingIndexer.csproj", "{C1FE6106-0145-4EED-BAF9-80CAFF8459F6}"
EndProject
Project("{FAE04EC0-301F-11D3-BF4B-00C04F79EFBC}") = "UsingYield", "UsingYield\UsingYield.csproj", "{141955B7-3947-4682-97BF-931CB25579C7}"
EndProject
Project("{FAE04EC0-301F-11D3-BF4B-00C04F79EFBC}") = "UsingEnumerable", "UsingEnumerable\UsingEnumerable.csproj", "{2A2F6853-73EF-4BCE-AECE-C1617C5075D4}"
EndProject
Project("{2150E333-8FDC-42A3-9474-1A3956D46DE8}") = "Chap11", "Chap11", "{5257818F-3A49-454D-9728-3755379EE4C8}"
EndProject
Project("{FAE04EC0-301F-11D3-BF4B-00C04F79EFBC}") = "CopyingArray", "CopyingArray\CopyingArray.csproj", "{C115C720-6588-4233-9061-5A631DE5B173}"
EndProject
Project("{FAE04EC0-301F-11D3-BF4B-00C04F79EFBC}") = "UsingGenericClass", "UsingGenericClass\UsingGenericClass.csproj", "{3357ABA1-5B65-4907-9A09-BB567E0FD395}"
EndProject
Project("{FAE04EC0-301F-11D3-BF4B-00C04F79EFBC}") = "GenericParameters", "GenericParameters\GenericParameters.csproj", "{A25F0BEA-ED26-44A0-B155-889C3D34B067}"
EndProject
Project("{FAE04EC0-301F-11D3-BF4B-00C04F79EFBC}") = "UsingGenericList", "UsingGenericList\UsingGenericList.csproj", "{1A50BA47-49B4-4BD8-A95A-674F37F2AAE9}"
EndProject
Project("{FAE04EC0-301F-11D3-BF4B-00C04F79EFBC}") = "UsingDictionary", "UsingDictionary\UsingDictionary.csproj", "{814EF47D-F24A-43FF-940E-11C16138B8C4}"
EndProject
Project("{FAE04EC0-301F-11D3-BF4B-00C04F79EFBC}") = "UsingGenericEnumerable", "UsingGenericEnumerable\UsingGenericEnumerable.csproj", "{02A771B0-3386-49B3-AFA4-6CCF74011CBE}"
EndProject
Project("{2150E333-8FDC-42A3-9474-1A3956D46DE8}") = "Chap12", "Chap12", "{DBC4496E-74E2-4303-98A7-67BA1239703C}"
EndProject
Project("{FAE04EC0-301F-11D3-BF4B-00C04F79EFBC}") = "KillingProgram", "KillingProgram\KillingProgram.csproj", "{EB84D890-9CD9-4BE0-9980-32FDAB1545C0}"
EndProject
Project("{FAE04EC0-301F-11D3-BF4B-00C04F79EFBC}") = "UsingThrow", "UsingThrow\UsingThrow.csproj", "{4C37B307-4B5A-40C6-87ED-E1E920548488}"
EndProject
Project("{FAE04EC0-301F-11D3-BF4B-00C04F79EFBC}") = "CustomExveption", "CustomExveption\CustomExveption.csproj", "{298B03BF-02D5-4D09-A8B6-FD7F9BF80C1F}"
EndProject
Project("{2150E333-8FDC-42A3-9474-1A3956D46DE8}") = "Chap13", "Chap13", "{2A983249-BF35-4874-A560-A437A12F51E7}"
EndProject
Project("{FAE04EC0-301F-11D3-BF4B-00C04F79EFBC}") = "UsingDelegate", "UsingDelegate\UsingDelegate.csproj", "{0AB694FE-C8CB-4867-99F5-67063E7B7970}"
EndProject
Project("{FAE04EC0-301F-11D3-BF4B-00C04F79EFBC}") = "UsingCallback", "UsingCallback\UsingCallback.csproj", "{9334843E-6384-4350-8579-38FFFA50647E}"
EndProject
Project("{FAE04EC0-301F-11D3-BF4B-00C04F79EFBC}") = "DelegateChain", "DelegateChain\DelegateChain.csproj", "{80F98EC6-E84A-4A0E-94EE-785BCFEA2D50}"
EndProject
Project("{FAE04EC0-301F-11D3-BF4B-00C04F79EFBC}") = "AnonymousMethod", "AnonymousMethod\AnonymousMethod.csproj", "{C5AFAE3F-3726-49F3-807E-C770C77E476F}"
EndProject
Project("{FAE04EC0-301F-11D3-BF4B-00C04F79EFBC}") = "UsingEvent", "UsingEvent\UsingEvent.csproj", "{61CB319E-632C-421B-B20D-D2967EA2A5E9}"
EndProject
Project("{FAE04EC0-301F-11D3-BF4B-00C04F79EFBC}") = "WindowsFormsApp1", "WindowsFormsApp1\WindowsFormsApp1.csproj", "{8A4D94FD-F4AA-4886-9451-798B2B701A15}"
EndProject
Project("{2150E333-8FDC-42A3-9474-1A3956D46DE8}") = "Chap14", "Chap14", "{F7308464-05E6-41F9-A1CC-F6ADF2DD5106}"
EndProject
Project("{FAE04EC0-301F-11D3-BF4B-00C04F79EFBC}") = "SimpleLambda", "SimpleLambda\SimpleLambda.csproj", "{55A15E32-26F9-4B09-8C90-9192220ACB50}"
EndProject
Project("{FAE04EC0-301F-11D3-BF4B-00C04F79EFBC}") = "UsingFunc", "UsingFunc\UsingFunc.csproj", "{E41442B9-ED50-4770-86FF-7FD6CF18D22D}"
EndProject
Project("{FAE04EC0-301F-11D3-BF4B-00C04F79EFBC}") = "LambdaExMember", "LambdaExMember\LambdaExMember.csproj", "{3961363F-4F96-45C1-91F0-C299E5ABE2F1}"
EndProject
Project("{2150E333-8FDC-42A3-9474-1A3956D46DE8}") = "Chap19", "Chap19", "{38713308-08B6-4F50-85AD-B8C9020BBADA}"
EndProject
Project("{FAE04EC0-301F-11D3-BF4B-00C04F79EFBC}") = "UsingBasicThread", "UsingBasicThread\UsingBasicThread.csproj", "{BB2759FD-48EC-4B2E-A398-D7B11EF6185D}"
EndProject
Project("{FAE04EC0-301F-11D3-BF4B-00C04F79EFBC}") = "WinThreadExam", "WinThreadExam\WinThreadExam.csproj", "{182B507D-31FF-4DD0-B42C-9F0A3E085FCC}"
EndProject
Project("{FAE04EC0-301F-11D3-BF4B-00C04F79EFBC}") = "AbortThread", "AbortThread\AbortThread.csproj", "{D5B934C0-A43C-420E-B252-E7F3C120AFFC}"
EndProject
Project("{FAE04EC0-301F-11D3-BF4B-00C04F79EFBC}") = "UsingThreadInterrupt", "UsingThreadInterrupt\UsingThreadInterrupt.csproj", "{707D35DE-B978-47BF-A602-781BC135D3B4}"
EndProject
Project("{FAE04EC0-301F-11D3-BF4B-00C04F79EFBC}") = "UsingLock", "UsingLock\UsingLock.csproj", "{A6158E34-06AE-4E90-B65C-6D06F1F7E69C}"
EndProject
Global
	GlobalSection(SolutionConfigurationPlatforms) = preSolution
		Debug|Any CPU = Debug|Any CPU
		Release|Any CPU = Release|Any CPU
	EndGlobalSection
	GlobalSection(ProjectConfigurationPlatforms) = postSolution
		{0E8AB0EA-C229-41A6-BEB5-F4315E955480}.Debug|Any CPU.ActiveCfg = Debug|Any CPU
		{0E8AB0EA-C229-41A6-BEB5-F4315E955480}.Debug|Any CPU.Build.0 = Debug|Any CPU
		{0E8AB0EA-C229-41A6-BEB5-F4315E955480}.Release|Any CPU.ActiveCfg = Release|Any CPU
		{0E8AB0EA-C229-41A6-BEB5-F4315E955480}.Release|Any CPU.Build.0 = Release|Any CPU
		{254C9BBE-8658-447F-9D82-873CC149BFC1}.Debug|Any CPU.ActiveCfg = Debug|Any CPU
		{254C9BBE-8658-447F-9D82-873CC149BFC1}.Debug|Any CPU.Build.0 = Debug|Any CPU
		{254C9BBE-8658-447F-9D82-873CC149BFC1}.Release|Any CPU.ActiveCfg = Release|Any CPU
		{254C9BBE-8658-447F-9D82-873CC149BFC1}.Release|Any CPU.Build.0 = Release|Any CPU
		{59781F4B-E08C-455B-BF8C-E934E37FEBAF}.Debug|Any CPU.ActiveCfg = Debug|Any CPU
		{59781F4B-E08C-455B-BF8C-E934E37FEBAF}.Debug|Any CPU.Build.0 = Debug|Any CPU
		{59781F4B-E08C-455B-BF8C-E934E37FEBAF}.Release|Any CPU.ActiveCfg = Release|Any CPU
		{59781F4B-E08C-455B-BF8C-E934E37FEBAF}.Release|Any CPU.Build.0 = Release|Any CPU
		{B3303043-7DC8-4203-BEC8-7C0FB65EF6C2}.Debug|Any CPU.ActiveCfg = Debug|Any CPU
		{B3303043-7DC8-4203-BEC8-7C0FB65EF6C2}.Debug|Any CPU.Build.0 = Debug|Any CPU
		{B3303043-7DC8-4203-BEC8-7C0FB65EF6C2}.Release|Any CPU.ActiveCfg = Release|Any CPU
		{B3303043-7DC8-4203-BEC8-7C0FB65EF6C2}.Release|Any CPU.Build.0 = Release|Any CPU
		{C893C6FE-576D-4E7E-B8F5-381C8ABD63B2}.Debug|Any CPU.ActiveCfg = Debug|Any CPU
		{C893C6FE-576D-4E7E-B8F5-381C8ABD63B2}.Debug|Any CPU.Build.0 = Debug|Any CPU
		{C893C6FE-576D-4E7E-B8F5-381C8ABD63B2}.Release|Any CPU.ActiveCfg = Release|Any CPU
		{C893C6FE-576D-4E7E-B8F5-381C8ABD63B2}.Release|Any CPU.Build.0 = Release|Any CPU
		{8B7BD975-789F-4064-A560-059A8526AC3C}.Debug|Any CPU.ActiveCfg = Debug|Any CPU
		{8B7BD975-789F-4064-A560-059A8526AC3C}.Debug|Any CPU.Build.0 = Debug|Any CPU
		{8B7BD975-789F-4064-A560-059A8526AC3C}.Release|Any CPU.ActiveCfg = Release|Any CPU
		{8B7BD975-789F-4064-A560-059A8526AC3C}.Release|Any CPU.Build.0 = Release|Any CPU
		{A6302ABB-133E-4F39-8668-3B7B3E7DA6CE}.Debug|Any CPU.ActiveCfg = Debug|Any CPU
		{A6302ABB-133E-4F39-8668-3B7B3E7DA6CE}.Debug|Any CPU.Build.0 = Debug|Any CPU
		{A6302ABB-133E-4F39-8668-3B7B3E7DA6CE}.Release|Any CPU.ActiveCfg = Release|Any CPU
		{A6302ABB-133E-4F39-8668-3B7B3E7DA6CE}.Release|Any CPU.Build.0 = Release|Any CPU
		{B175434A-7E3C-4E5F-A932-FA99DE1E7B11}.Debug|Any CPU.ActiveCfg = Debug|Any CPU
		{B175434A-7E3C-4E5F-A932-FA99DE1E7B11}.Debug|Any CPU.Build.0 = Debug|Any CPU
		{B175434A-7E3C-4E5F-A932-FA99DE1E7B11}.Release|Any CPU.ActiveCfg = Release|Any CPU
		{B175434A-7E3C-4E5F-A932-FA99DE1E7B11}.Release|Any CPU.Build.0 = Release|Any CPU
		{1494BF10-6E07-450A-92B5-C9676787E132}.Debug|Any CPU.ActiveCfg = Debug|Any CPU
		{1494BF10-6E07-450A-92B5-C9676787E132}.Debug|Any CPU.Build.0 = Debug|Any CPU
		{1494BF10-6E07-450A-92B5-C9676787E132}.Release|Any CPU.ActiveCfg = Release|Any CPU
		{1494BF10-6E07-450A-92B5-C9676787E132}.Release|Any CPU.Build.0 = Release|Any CPU
		{80579E75-5133-42B2-82A1-2055FBB58B42}.Debug|Any CPU.ActiveCfg = Debug|Any CPU
		{80579E75-5133-42B2-82A1-2055FBB58B42}.Debug|Any CPU.Build.0 = Debug|Any CPU
		{80579E75-5133-42B2-82A1-2055FBB58B42}.Release|Any CPU.ActiveCfg = Release|Any CPU
		{80579E75-5133-42B2-82A1-2055FBB58B42}.Release|Any CPU.Build.0 = Release|Any CPU
		{3B8322B7-7FAE-41A4-BD45-1F55EB81DFDD}.Debug|Any CPU.ActiveCfg = Debug|Any CPU
		{3B8322B7-7FAE-41A4-BD45-1F55EB81DFDD}.Debug|Any CPU.Build.0 = Debug|Any CPU
		{3B8322B7-7FAE-41A4-BD45-1F55EB81DFDD}.Release|Any CPU.ActiveCfg = Release|Any CPU
		{3B8322B7-7FAE-41A4-BD45-1F55EB81DFDD}.Release|Any CPU.Build.0 = Release|Any CPU
		{A319A33F-C5F0-4764-A76E-1614493977E6}.Debug|Any CPU.ActiveCfg = Debug|Any CPU
		{A319A33F-C5F0-4764-A76E-1614493977E6}.Debug|Any CPU.Build.0 = Debug|Any CPU
		{A319A33F-C5F0-4764-A76E-1614493977E6}.Release|Any CPU.ActiveCfg = Release|Any CPU
		{A319A33F-C5F0-4764-A76E-1614493977E6}.Release|Any CPU.Build.0 = Release|Any CPU
		{EAE4CFFB-7FFF-4544-BBA4-2FFF2B4FEE28}.Debug|Any CPU.ActiveCfg = Debug|Any CPU
		{EAE4CFFB-7FFF-4544-BBA4-2FFF2B4FEE28}.Debug|Any CPU.Build.0 = Debug|Any CPU
		{EAE4CFFB-7FFF-4544-BBA4-2FFF2B4FEE28}.Release|Any CPU.ActiveCfg = Release|Any CPU
		{EAE4CFFB-7FFF-4544-BBA4-2FFF2B4FEE28}.Release|Any CPU.Build.0 = Release|Any CPU
		{2471E8E1-F1AF-4EA9-9BA9-DB6F214C6081}.Debug|Any CPU.ActiveCfg = Debug|Any CPU
		{2471E8E1-F1AF-4EA9-9BA9-DB6F214C6081}.Debug|Any CPU.Build.0 = Debug|Any CPU
		{2471E8E1-F1AF-4EA9-9BA9-DB6F214C6081}.Release|Any CPU.ActiveCfg = Release|Any CPU
		{2471E8E1-F1AF-4EA9-9BA9-DB6F214C6081}.Release|Any CPU.Build.0 = Release|Any CPU
		{188861C5-C5B7-43B7-8A8E-E8EAEB0FC0E6}.Debug|Any CPU.ActiveCfg = Debug|Any CPU
		{188861C5-C5B7-43B7-8A8E-E8EAEB0FC0E6}.Debug|Any CPU.Build.0 = Debug|Any CPU
		{188861C5-C5B7-43B7-8A8E-E8EAEB0FC0E6}.Release|Any CPU.ActiveCfg = Release|Any CPU
		{188861C5-C5B7-43B7-8A8E-E8EAEB0FC0E6}.Release|Any CPU.Build.0 = Release|Any CPU
		{1CE51D49-7C78-4E6A-8FC0-EFBCDE692CD2}.Debug|Any CPU.ActiveCfg = Debug|Any CPU
		{1CE51D49-7C78-4E6A-8FC0-EFBCDE692CD2}.Debug|Any CPU.Build.0 = Debug|Any CPU
		{1CE51D49-7C78-4E6A-8FC0-EFBCDE692CD2}.Release|Any CPU.ActiveCfg = Release|Any CPU
		{1CE51D49-7C78-4E6A-8FC0-EFBCDE692CD2}.Release|Any CPU.Build.0 = Release|Any CPU
		{403E3443-8335-4643-8DC7-48E7863847AA}.Debug|Any CPU.ActiveCfg = Debug|Any CPU
		{403E3443-8335-4643-8DC7-48E7863847AA}.Debug|Any CPU.Build.0 = Debug|Any CPU
		{403E3443-8335-4643-8DC7-48E7863847AA}.Release|Any CPU.ActiveCfg = Release|Any CPU
		{403E3443-8335-4643-8DC7-48E7863847AA}.Release|Any CPU.Build.0 = Release|Any CPU
		{85C94557-A9F9-4BFA-A29A-27F2593B9EA4}.Debug|Any CPU.ActiveCfg = Debug|Any CPU
		{85C94557-A9F9-4BFA-A29A-27F2593B9EA4}.Debug|Any CPU.Build.0 = Debug|Any CPU
		{85C94557-A9F9-4BFA-A29A-27F2593B9EA4}.Release|Any CPU.ActiveCfg = Release|Any CPU
		{85C94557-A9F9-4BFA-A29A-27F2593B9EA4}.Release|Any CPU.Build.0 = Release|Any CPU
		{F6102299-C280-4574-8A6E-BE5FD54A9B03}.Debug|Any CPU.ActiveCfg = Debug|Any CPU
		{F6102299-C280-4574-8A6E-BE5FD54A9B03}.Debug|Any CPU.Build.0 = Debug|Any CPU
		{F6102299-C280-4574-8A6E-BE5FD54A9B03}.Release|Any CPU.ActiveCfg = Release|Any CPU
		{F6102299-C280-4574-8A6E-BE5FD54A9B03}.Release|Any CPU.Build.0 = Release|Any CPU
		{402CEDF7-C07E-4CC7-9E26-8D075CE21A8A}.Debug|Any CPU.ActiveCfg = Debug|Any CPU
		{402CEDF7-C07E-4CC7-9E26-8D075CE21A8A}.Debug|Any CPU.Build.0 = Debug|Any CPU
		{402CEDF7-C07E-4CC7-9E26-8D075CE21A8A}.Release|Any CPU.ActiveCfg = Release|Any CPU
		{402CEDF7-C07E-4CC7-9E26-8D075CE21A8A}.Release|Any CPU.Build.0 = Release|Any CPU
		{A7F1351A-1EDE-4A93-BECC-C699BA05581E}.Debug|Any CPU.ActiveCfg = Debug|Any CPU
		{A7F1351A-1EDE-4A93-BECC-C699BA05581E}.Debug|Any CPU.Build.0 = Debug|Any CPU
		{A7F1351A-1EDE-4A93-BECC-C699BA05581E}.Release|Any CPU.ActiveCfg = Release|Any CPU
		{A7F1351A-1EDE-4A93-BECC-C699BA05581E}.Release|Any CPU.Build.0 = Release|Any CPU
		{75D9E0E5-74E3-4326-BA67-12C14CD85621}.Debug|Any CPU.ActiveCfg = Debug|Any CPU
		{75D9E0E5-74E3-4326-BA67-12C14CD85621}.Debug|Any CPU.Build.0 = Debug|Any CPU
		{75D9E0E5-74E3-4326-BA67-12C14CD85621}.Release|Any CPU.ActiveCfg = Release|Any CPU
		{75D9E0E5-74E3-4326-BA67-12C14CD85621}.Release|Any CPU.Build.0 = Release|Any CPU
		{41A9C9E9-AD51-4390-BE03-87A635E09BBB}.Debug|Any CPU.ActiveCfg = Debug|Any CPU
		{41A9C9E9-AD51-4390-BE03-87A635E09BBB}.Debug|Any CPU.Build.0 = Debug|Any CPU
		{41A9C9E9-AD51-4390-BE03-87A635E09BBB}.Release|Any CPU.ActiveCfg = Release|Any CPU
		{41A9C9E9-AD51-4390-BE03-87A635E09BBB}.Release|Any CPU.Build.0 = Release|Any CPU
		{AE3B2FD2-F88B-4AB5-A5A0-A952364E660F}.Debug|Any CPU.ActiveCfg = Debug|Any CPU
		{AE3B2FD2-F88B-4AB5-A5A0-A952364E660F}.Debug|Any CPU.Build.0 = Debug|Any CPU
		{AE3B2FD2-F88B-4AB5-A5A0-A952364E660F}.Release|Any CPU.ActiveCfg = Release|Any CPU
		{AE3B2FD2-F88B-4AB5-A5A0-A952364E660F}.Release|Any CPU.Build.0 = Release|Any CPU
		{E69B8F68-091E-4600-9FB8-829C51999EEE}.Debug|Any CPU.ActiveCfg = Debug|Any CPU
		{E69B8F68-091E-4600-9FB8-829C51999EEE}.Debug|Any CPU.Build.0 = Debug|Any CPU
		{E69B8F68-091E-4600-9FB8-829C51999EEE}.Release|Any CPU.ActiveCfg = Release|Any CPU
		{E69B8F68-091E-4600-9FB8-829C51999EEE}.Release|Any CPU.Build.0 = Release|Any CPU
		{6EDFE8D7-C45F-4EDE-AFAB-6B71361C9796}.Debug|Any CPU.ActiveCfg = Debug|Any CPU
		{6EDFE8D7-C45F-4EDE-AFAB-6B71361C9796}.Debug|Any CPU.Build.0 = Debug|Any CPU
		{6EDFE8D7-C45F-4EDE-AFAB-6B71361C9796}.Release|Any CPU.ActiveCfg = Release|Any CPU
		{6EDFE8D7-C45F-4EDE-AFAB-6B71361C9796}.Release|Any CPU.Build.0 = Release|Any CPU
		{D7508D7A-B44C-4256-8152-B7ABCA24B816}.Debug|Any CPU.ActiveCfg = Debug|Any CPU
		{D7508D7A-B44C-4256-8152-B7ABCA24B816}.Debug|Any CPU.Build.0 = Debug|Any CPU
		{D7508D7A-B44C-4256-8152-B7ABCA24B816}.Release|Any CPU.ActiveCfg = Release|Any CPU
		{D7508D7A-B44C-4256-8152-B7ABCA24B816}.Release|Any CPU.Build.0 = Release|Any CPU
		{64D53140-7D42-4437-AB39-6B6DD0FACB11}.Debug|Any CPU.ActiveCfg = Debug|Any CPU
		{64D53140-7D42-4437-AB39-6B6DD0FACB11}.Debug|Any CPU.Build.0 = Debug|Any CPU
		{64D53140-7D42-4437-AB39-6B6DD0FACB11}.Release|Any CPU.ActiveCfg = Release|Any CPU
		{64D53140-7D42-4437-AB39-6B6DD0FACB11}.Release|Any CPU.Build.0 = Release|Any CPU
		{AB6798B8-A0F6-4FA0-A17F-932C9D9F3E28}.Debug|Any CPU.ActiveCfg = Debug|Any CPU
		{AB6798B8-A0F6-4FA0-A17F-932C9D9F3E28}.Debug|Any CPU.Build.0 = Debug|Any CPU
		{AB6798B8-A0F6-4FA0-A17F-932C9D9F3E28}.Release|Any CPU.ActiveCfg = Release|Any CPU
		{AB6798B8-A0F6-4FA0-A17F-932C9D9F3E28}.Release|Any CPU.Build.0 = Release|Any CPU
		{3CE8A5A0-8C18-492E-8BA7-9FBEB8C68DBB}.Debug|Any CPU.ActiveCfg = Debug|Any CPU
		{3CE8A5A0-8C18-492E-8BA7-9FBEB8C68DBB}.Debug|Any CPU.Build.0 = Debug|Any CPU
		{3CE8A5A0-8C18-492E-8BA7-9FBEB8C68DBB}.Release|Any CPU.ActiveCfg = Release|Any CPU
		{3CE8A5A0-8C18-492E-8BA7-9FBEB8C68DBB}.Release|Any CPU.Build.0 = Release|Any CPU
		{C1FE6106-0145-4EED-BAF9-80CAFF8459F6}.Debug|Any CPU.ActiveCfg = Debug|Any CPU
		{C1FE6106-0145-4EED-BAF9-80CAFF8459F6}.Debug|Any CPU.Build.0 = Debug|Any CPU
		{C1FE6106-0145-4EED-BAF9-80CAFF8459F6}.Release|Any CPU.ActiveCfg = Release|Any CPU
		{C1FE6106-0145-4EED-BAF9-80CAFF8459F6}.Release|Any CPU.Build.0 = Release|Any CPU
		{141955B7-3947-4682-97BF-931CB25579C7}.Debug|Any CPU.ActiveCfg = Debug|Any CPU
		{141955B7-3947-4682-97BF-931CB25579C7}.Debug|Any CPU.Build.0 = Debug|Any CPU
		{141955B7-3947-4682-97BF-931CB25579C7}.Release|Any CPU.ActiveCfg = Release|Any CPU
		{141955B7-3947-4682-97BF-931CB25579C7}.Release|Any CPU.Build.0 = Release|Any CPU
		{2A2F6853-73EF-4BCE-AECE-C1617C5075D4}.Debug|Any CPU.ActiveCfg = Debug|Any CPU
		{2A2F6853-73EF-4BCE-AECE-C1617C5075D4}.Debug|Any CPU.Build.0 = Debug|Any CPU
		{2A2F6853-73EF-4BCE-AECE-C1617C5075D4}.Release|Any CPU.ActiveCfg = Release|Any CPU
		{2A2F6853-73EF-4BCE-AECE-C1617C5075D4}.Release|Any CPU.Build.0 = Release|Any CPU
		{C115C720-6588-4233-9061-5A631DE5B173}.Debug|Any CPU.ActiveCfg = Debug|Any CPU
		{C115C720-6588-4233-9061-5A631DE5B173}.Debug|Any CPU.Build.0 = Debug|Any CPU
		{C115C720-6588-4233-9061-5A631DE5B173}.Release|Any CPU.ActiveCfg = Release|Any CPU
		{C115C720-6588-4233-9061-5A631DE5B173}.Release|Any CPU.Build.0 = Release|Any CPU
		{3357ABA1-5B65-4907-9A09-BB567E0FD395}.Debug|Any CPU.ActiveCfg = Debug|Any CPU
		{3357ABA1-5B65-4907-9A09-BB567E0FD395}.Debug|Any CPU.Build.0 = Debug|Any CPU
		{3357ABA1-5B65-4907-9A09-BB567E0FD395}.Release|Any CPU.ActiveCfg = Release|Any CPU
		{3357ABA1-5B65-4907-9A09-BB567E0FD395}.Release|Any CPU.Build.0 = Release|Any CPU
		{A25F0BEA-ED26-44A0-B155-889C3D34B067}.Debug|Any CPU.ActiveCfg = Debug|Any CPU
		{A25F0BEA-ED26-44A0-B155-889C3D34B067}.Debug|Any CPU.Build.0 = Debug|Any CPU
		{A25F0BEA-ED26-44A0-B155-889C3D34B067}.Release|Any CPU.ActiveCfg = Release|Any CPU
		{A25F0BEA-ED26-44A0-B155-889C3D34B067}.Release|Any CPU.Build.0 = Release|Any CPU
		{1A50BA47-49B4-4BD8-A95A-674F37F2AAE9}.Debug|Any CPU.ActiveCfg = Debug|Any CPU
		{1A50BA47-49B4-4BD8-A95A-674F37F2AAE9}.Debug|Any CPU.Build.0 = Debug|Any CPU
		{1A50BA47-49B4-4BD8-A95A-674F37F2AAE9}.Release|Any CPU.ActiveCfg = Release|Any CPU
		{1A50BA47-49B4-4BD8-A95A-674F37F2AAE9}.Release|Any CPU.Build.0 = Release|Any CPU
		{814EF47D-F24A-43FF-940E-11C16138B8C4}.Debug|Any CPU.ActiveCfg = Debug|Any CPU
		{814EF47D-F24A-43FF-940E-11C16138B8C4}.Debug|Any CPU.Build.0 = Debug|Any CPU
		{814EF47D-F24A-43FF-940E-11C16138B8C4}.Release|Any CPU.ActiveCfg = Release|Any CPU
		{814EF47D-F24A-43FF-940E-11C16138B8C4}.Release|Any CPU.Build.0 = Release|Any CPU
		{02A771B0-3386-49B3-AFA4-6CCF74011CBE}.Debug|Any CPU.ActiveCfg = Debug|Any CPU
		{02A771B0-3386-49B3-AFA4-6CCF74011CBE}.Debug|Any CPU.Build.0 = Debug|Any CPU
		{02A771B0-3386-49B3-AFA4-6CCF74011CBE}.Release|Any CPU.ActiveCfg = Release|Any CPU
		{02A771B0-3386-49B3-AFA4-6CCF74011CBE}.Release|Any CPU.Build.0 = Release|Any CPU
		{EB84D890-9CD9-4BE0-9980-32FDAB1545C0}.Debug|Any CPU.ActiveCfg = Debug|Any CPU
		{EB84D890-9CD9-4BE0-9980-32FDAB1545C0}.Debug|Any CPU.Build.0 = Debug|Any CPU
		{EB84D890-9CD9-4BE0-9980-32FDAB1545C0}.Release|Any CPU.ActiveCfg = Release|Any CPU
		{EB84D890-9CD9-4BE0-9980-32FDAB1545C0}.Release|Any CPU.Build.0 = Release|Any CPU
		{4C37B307-4B5A-40C6-87ED-E1E920548488}.Debug|Any CPU.ActiveCfg = Debug|Any CPU
		{4C37B307-4B5A-40C6-87ED-E1E920548488}.Debug|Any CPU.Build.0 = Debug|Any CPU
		{4C37B307-4B5A-40C6-87ED-E1E920548488}.Release|Any CPU.ActiveCfg = Release|Any CPU
		{4C37B307-4B5A-40C6-87ED-E1E920548488}.Release|Any CPU.Build.0 = Release|Any CPU
		{298B03BF-02D5-4D09-A8B6-FD7F9BF80C1F}.Debug|Any CPU.ActiveCfg = Debug|Any CPU
		{298B03BF-02D5-4D09-A8B6-FD7F9BF80C1F}.Debug|Any CPU.Build.0 = Debug|Any CPU
		{298B03BF-02D5-4D09-A8B6-FD7F9BF80C1F}.Release|Any CPU.ActiveCfg = Release|Any CPU
		{298B03BF-02D5-4D09-A8B6-FD7F9BF80C1F}.Release|Any CPU.Build.0 = Release|Any CPU
		{0AB694FE-C8CB-4867-99F5-67063E7B7970}.Debug|Any CPU.ActiveCfg = Debug|Any CPU
		{0AB694FE-C8CB-4867-99F5-67063E7B7970}.Debug|Any CPU.Build.0 = Debug|Any CPU
		{0AB694FE-C8CB-4867-99F5-67063E7B7970}.Release|Any CPU.ActiveCfg = Release|Any CPU
		{0AB694FE-C8CB-4867-99F5-67063E7B7970}.Release|Any CPU.Build.0 = Release|Any CPU
		{9334843E-6384-4350-8579-38FFFA50647E}.Debug|Any CPU.ActiveCfg = Debug|Any CPU
		{9334843E-6384-4350-8579-38FFFA50647E}.Debug|Any CPU.Build.0 = Debug|Any CPU
		{9334843E-6384-4350-8579-38FFFA50647E}.Release|Any CPU.ActiveCfg = Release|Any CPU
		{9334843E-6384-4350-8579-38FFFA50647E}.Release|Any CPU.Build.0 = Release|Any CPU
		{80F98EC6-E84A-4A0E-94EE-785BCFEA2D50}.Debug|Any CPU.ActiveCfg = Debug|Any CPU
		{80F98EC6-E84A-4A0E-94EE-785BCFEA2D50}.Debug|Any CPU.Build.0 = Debug|Any CPU
		{80F98EC6-E84A-4A0E-94EE-785BCFEA2D50}.Release|Any CPU.ActiveCfg = Release|Any CPU
		{80F98EC6-E84A-4A0E-94EE-785BCFEA2D50}.Release|Any CPU.Build.0 = Release|Any CPU
		{C5AFAE3F-3726-49F3-807E-C770C77E476F}.Debug|Any CPU.ActiveCfg = Debug|Any CPU
		{C5AFAE3F-3726-49F3-807E-C770C77E476F}.Debug|Any CPU.Build.0 = Debug|Any CPU
		{C5AFAE3F-3726-49F3-807E-C770C77E476F}.Release|Any CPU.ActiveCfg = Release|Any CPU
		{C5AFAE3F-3726-49F3-807E-C770C77E476F}.Release|Any CPU.Build.0 = Release|Any CPU
		{61CB319E-632C-421B-B20D-D2967EA2A5E9}.Debug|Any CPU.ActiveCfg = Debug|Any CPU
		{61CB319E-632C-421B-B20D-D2967EA2A5E9}.Debug|Any CPU.Build.0 = Debug|Any CPU
		{61CB319E-632C-421B-B20D-D2967EA2A5E9}.Release|Any CPU.ActiveCfg = Release|Any CPU
		{61CB319E-632C-421B-B20D-D2967EA2A5E9}.Release|Any CPU.Build.0 = Release|Any CPU
		{8A4D94FD-F4AA-4886-9451-798B2B701A15}.Debug|Any CPU.ActiveCfg = Debug|Any CPU
		{8A4D94FD-F4AA-4886-9451-798B2B701A15}.Debug|Any CPU.Build.0 = Debug|Any CPU
		{8A4D94FD-F4AA-4886-9451-798B2B701A15}.Release|Any CPU.ActiveCfg = Release|Any CPU
		{8A4D94FD-F4AA-4886-9451-798B2B701A15}.Release|Any CPU.Build.0 = Release|Any CPU
		{55A15E32-26F9-4B09-8C90-9192220ACB50}.Debug|Any CPU.ActiveCfg = Debug|Any CPU
		{55A15E32-26F9-4B09-8C90-9192220ACB50}.Debug|Any CPU.Build.0 = Debug|Any CPU
		{55A15E32-26F9-4B09-8C90-9192220ACB50}.Release|Any CPU.ActiveCfg = Release|Any CPU
		{55A15E32-26F9-4B09-8C90-9192220ACB50}.Release|Any CPU.Build.0 = Release|Any CPU
		{E41442B9-ED50-4770-86FF-7FD6CF18D22D}.Debug|Any CPU.ActiveCfg = Debug|Any CPU
		{E41442B9-ED50-4770-86FF-7FD6CF18D22D}.Debug|Any CPU.Build.0 = Debug|Any CPU
		{E41442B9-ED50-4770-86FF-7FD6CF18D22D}.Release|Any CPU.ActiveCfg = Release|Any CPU
		{E41442B9-ED50-4770-86FF-7FD6CF18D22D}.Release|Any CPU.Build.0 = Release|Any CPU
		{3961363F-4F96-45C1-91F0-C299E5ABE2F1}.Debug|Any CPU.ActiveCfg = Debug|Any CPU
		{3961363F-4F96-45C1-91F0-C299E5ABE2F1}.Debug|Any CPU.Build.0 = Debug|Any CPU
		{3961363F-4F96-45C1-91F0-C299E5ABE2F1}.Release|Any CPU.ActiveCfg = Release|Any CPU
		{3961363F-4F96-45C1-91F0-C299E5ABE2F1}.Release|Any CPU.Build.0 = Release|Any CPU
		{BB2759FD-48EC-4B2E-A398-D7B11EF6185D}.Debug|Any CPU.ActiveCfg = Debug|Any CPU
		{BB2759FD-48EC-4B2E-A398-D7B11EF6185D}.Debug|Any CPU.Build.0 = Debug|Any CPU
		{BB2759FD-48EC-4B2E-A398-D7B11EF6185D}.Release|Any CPU.ActiveCfg = Release|Any CPU
		{BB2759FD-48EC-4B2E-A398-D7B11EF6185D}.Release|Any CPU.Build.0 = Release|Any CPU
		{182B507D-31FF-4DD0-B42C-9F0A3E085FCC}.Debug|Any CPU.ActiveCfg = Debug|Any CPU
		{182B507D-31FF-4DD0-B42C-9F0A3E085FCC}.Debug|Any CPU.Build.0 = Debug|Any CPU
		{182B507D-31FF-4DD0-B42C-9F0A3E085FCC}.Release|Any CPU.ActiveCfg = Release|Any CPU
		{182B507D-31FF-4DD0-B42C-9F0A3E085FCC}.Release|Any CPU.Build.0 = Release|Any CPU
		{D5B934C0-A43C-420E-B252-E7F3C120AFFC}.Debug|Any CPU.ActiveCfg = Debug|Any CPU
		{D5B934C0-A43C-420E-B252-E7F3C120AFFC}.Debug|Any CPU.Build.0 = Debug|Any CPU
		{D5B934C0-A43C-420E-B252-E7F3C120AFFC}.Release|Any CPU.ActiveCfg = Release|Any CPU
		{D5B934C0-A43C-420E-B252-E7F3C120AFFC}.Release|Any CPU.Build.0 = Release|Any CPU
		{707D35DE-B978-47BF-A602-781BC135D3B4}.Debug|Any CPU.ActiveCfg = Debug|Any CPU
		{707D35DE-B978-47BF-A602-781BC135D3B4}.Debug|Any CPU.Build.0 = Debug|Any CPU
		{707D35DE-B978-47BF-A602-781BC135D3B4}.Release|Any CPU.ActiveCfg = Release|Any CPU
		{707D35DE-B978-47BF-A602-781BC135D3B4}.Release|Any CPU.Build.0 = Release|Any CPU
		{A6158E34-06AE-4E90-B65C-6D06F1F7E69C}.Debug|Any CPU.ActiveCfg = Debug|Any CPU
		{A6158E34-06AE-4E90-B65C-6D06F1F7E69C}.Debug|Any CPU.Build.0 = Debug|Any CPU
		{A6158E34-06AE-4E90-B65C-6D06F1F7E69C}.Release|Any CPU.ActiveCfg = Release|Any CPU
		{A6158E34-06AE-4E90-B65C-6D06F1F7E69C}.Release|Any CPU.Build.0 = Release|Any CPU
	EndGlobalSection
	GlobalSection(SolutionProperties) = preSolution
		HideSolutionNode = FALSE
	EndGlobalSection
	GlobalSection(NestedProjects) = preSolution
		{0E8AB0EA-C229-41A6-BEB5-F4315E955480} = {001A2468-179F-4C3C-848A-6E64826BB44D}
		{254C9BBE-8658-447F-9D82-873CC149BFC1} = {001A2468-179F-4C3C-848A-6E64826BB44D}
		{59781F4B-E08C-455B-BF8C-E934E37FEBAF} = {A3D4FF78-DFED-4856-94C2-413EEDD79D8E}
		{B3303043-7DC8-4203-BEC8-7C0FB65EF6C2} = {8BC7BE13-A40A-4A0D-982A-1EAEF3F6DF00}
		{C893C6FE-576D-4E7E-B8F5-381C8ABD63B2} = {8BC7BE13-A40A-4A0D-982A-1EAEF3F6DF00}
		{8B7BD975-789F-4064-A560-059A8526AC3C} = {8BC7BE13-A40A-4A0D-982A-1EAEF3F6DF00}
		{A6302ABB-133E-4F39-8668-3B7B3E7DA6CE} = {8BC7BE13-A40A-4A0D-982A-1EAEF3F6DF00}
		{B175434A-7E3C-4E5F-A932-FA99DE1E7B11} = {719B1077-7308-4103-A1FC-D671C4602480}
		{1494BF10-6E07-450A-92B5-C9676787E132} = {8BC7BE13-A40A-4A0D-982A-1EAEF3F6DF00}
		{80579E75-5133-42B2-82A1-2055FBB58B42} = {719B1077-7308-4103-A1FC-D671C4602480}
		{3B8322B7-7FAE-41A4-BD45-1F55EB81DFDD} = {719B1077-7308-4103-A1FC-D671C4602480}
		{A319A33F-C5F0-4764-A76E-1614493977E6} = {719B1077-7308-4103-A1FC-D671C4602480}
		{EAE4CFFB-7FFF-4544-BBA4-2FFF2B4FEE28} = {C1B2FD3F-E35F-4257-8F52-91410103D4F3}
		{2471E8E1-F1AF-4EA9-9BA9-DB6F214C6081} = {C1B2FD3F-E35F-4257-8F52-91410103D4F3}
		{188861C5-C5B7-43B7-8A8E-E8EAEB0FC0E6} = {C1B2FD3F-E35F-4257-8F52-91410103D4F3}
		{1CE51D49-7C78-4E6A-8FC0-EFBCDE692CD2} = {C1B2FD3F-E35F-4257-8F52-91410103D4F3}
		{403E3443-8335-4643-8DC7-48E7863847AA} = {C1B2FD3F-E35F-4257-8F52-91410103D4F3}
		{85C94557-A9F9-4BFA-A29A-27F2593B9EA4} = {C1B2FD3F-E35F-4257-8F52-91410103D4F3}
		{F6102299-C280-4574-8A6E-BE5FD54A9B03} = {C1B2FD3F-E35F-4257-8F52-91410103D4F3}
		{402CEDF7-C07E-4CC7-9E26-8D075CE21A8A} = {C1B2FD3F-E35F-4257-8F52-91410103D4F3}
		{A7F1351A-1EDE-4A93-BECC-C699BA05581E} = {C1B2FD3F-E35F-4257-8F52-91410103D4F3}
		{75D9E0E5-74E3-4326-BA67-12C14CD85621} = {C1B2FD3F-E35F-4257-8F52-91410103D4F3}
		{41A9C9E9-AD51-4390-BE03-87A635E09BBB} = {C1B2FD3F-E35F-4257-8F52-91410103D4F3}
		{AE3B2FD2-F88B-4AB5-A5A0-A952364E660F} = {F124FB15-0497-4008-97C9-C399F6160FBC}
		{E69B8F68-091E-4600-9FB8-829C51999EEE} = {F124FB15-0497-4008-97C9-C399F6160FBC}
		{6EDFE8D7-C45F-4EDE-AFAB-6B71361C9796} = {F124FB15-0497-4008-97C9-C399F6160FBC}
		{D7508D7A-B44C-4256-8152-B7ABCA24B816} = {B429E6CD-4983-48AA-8B8F-06A6CAC0EBEB}
		{64D53140-7D42-4437-AB39-6B6DD0FACB11} = {B429E6CD-4983-48AA-8B8F-06A6CAC0EBEB}
		{AB6798B8-A0F6-4FA0-A17F-932C9D9F3E28} = {BB3E41C5-689E-447B-9B43-E92DD88205AC}
		{3CE8A5A0-8C18-492E-8BA7-9FBEB8C68DBB} = {BB3E41C5-689E-447B-9B43-E92DD88205AC}
		{C1FE6106-0145-4EED-BAF9-80CAFF8459F6} = {BB3E41C5-689E-447B-9B43-E92DD88205AC}
		{141955B7-3947-4682-97BF-931CB25579C7} = {BB3E41C5-689E-447B-9B43-E92DD88205AC}
		{2A2F6853-73EF-4BCE-AECE-C1617C5075D4} = {BB3E41C5-689E-447B-9B43-E92DD88205AC}
		{C115C720-6588-4233-9061-5A631DE5B173} = {5257818F-3A49-454D-9728-3755379EE4C8}
		{3357ABA1-5B65-4907-9A09-BB567E0FD395} = {5257818F-3A49-454D-9728-3755379EE4C8}
		{A25F0BEA-ED26-44A0-B155-889C3D34B067} = {5257818F-3A49-454D-9728-3755379EE4C8}
		{1A50BA47-49B4-4BD8-A95A-674F37F2AAE9} = {5257818F-3A49-454D-9728-3755379EE4C8}
		{814EF47D-F24A-43FF-940E-11C16138B8C4} = {5257818F-3A49-454D-9728-3755379EE4C8}
		{02A771B0-3386-49B3-AFA4-6CCF74011CBE} = {5257818F-3A49-454D-9728-3755379EE4C8}
		{EB84D890-9CD9-4BE0-9980-32FDAB1545C0} = {DBC4496E-74E2-4303-98A7-67BA1239703C}
		{4C37B307-4B5A-40C6-87ED-E1E920548488} = {DBC4496E-74E2-4303-98A7-67BA1239703C}
		{298B03BF-02D5-4D09-A8B6-FD7F9BF80C1F} = {DBC4496E-74E2-4303-98A7-67BA1239703C}
		{0AB694FE-C8CB-4867-99F5-67063E7B7970} = {2A983249-BF35-4874-A560-A437A12F51E7}
		{9334843E-6384-4350-8579-38FFFA50647E} = {2A983249-BF35-4874-A560-A437A12F51E7}
		{80F98EC6-E84A-4A0E-94EE-785BCFEA2D50} = {2A983249-BF35-4874-A560-A437A12F51E7}
		{C5AFAE3F-3726-49F3-807E-C770C77E476F} = {2A983249-BF35-4874-A560-A437A12F51E7}
		{61CB319E-632C-421B-B20D-D2967EA2A5E9} = {2A983249-BF35-4874-A560-A437A12F51E7}
		{8A4D94FD-F4AA-4886-9451-798B2B701A15} = {2A983249-BF35-4874-A560-A437A12F51E7}
		{55A15E32-26F9-4B09-8C90-9192220ACB50} = {F7308464-05E6-41F9-A1CC-F6ADF2DD5106}
		{E41442B9-ED50-4770-86FF-7FD6CF18D22D} = {F7308464-05E6-41F9-A1CC-F6ADF2DD5106}
		{3961363F-4F96-45C1-91F0-C299E5ABE2F1} = {F7308464-05E6-41F9-A1CC-F6ADF2DD5106}
		{BB2759FD-48EC-4B2E-A398-D7B11EF6185D} = {38713308-08B6-4F50-85AD-B8C9020BBADA}
		{182B507D-31FF-4DD0-B42C-9F0A3E085FCC} = {38713308-08B6-4F50-85AD-B8C9020BBADA}
		{D5B934C0-A43C-420E-B252-E7F3C120AFFC} = {38713308-08B6-4F50-85AD-B8C9020BBADA}
		{707D35DE-B978-47BF-A602-781BC135D3B4} = {38713308-08B6-4F50-85AD-B8C9020BBADA}
		{A6158E34-06AE-4E90-B65C-6D06F1F7E69C} = {38713308-08B6-4F50-85AD-B8C9020BBADA}
	EndGlobalSection
	GlobalSection(ExtensibilityGlobals) = postSolution
		SolutionGuid = {45E8D816-7185-49EE-9AD3-4EC6EE436342}
	EndGlobalSection
EndGlobal
