
Microsoft Visual Studio Solution File, Format Version 12.00
# Visual Studio Version 16
VisualStudioVersion = 16.0.32428.217
MinimumVisualStudioVersion = 10.0.40219.1
Project("{FAE04EC0-301F-11D3-BF4B-00C04F79EFBC}") = "01.BasicAlgorithm", "01.BasicAlgorithm\01.BasicAlgorithm.csproj", "{492034E4-0483-4391-8E02-2C8F7AE67FC0}"
EndProject
Project("{FAE04EC0-301F-11D3-BF4B-00C04F79EFBC}") = "02.Array", "02.Array\02.Array.csproj", "{72C56747-BB8D-47EA-964D-4C040986A196}"
EndProject
Project("{FAE04EC0-301F-11D3-BF4B-00C04F79EFBC}") = "03.LinkedList", "03.LinkedList\03.LinkedList.csproj", "{892668F0-34C4-4E24-A76F-D405783BB1BC}"
EndProject
Project("{FAE04EC0-301F-11D3-BF4B-00C04F79EFBC}") = "04.Stack", "04.Stack\04.Stack.csproj", "{6467F142-AA80-4E35-B5EF-9F62BA04093B}"
EndProject
Project("{FAE04EC0-301F-11D3-BF4B-00C04F79EFBC}") = "05.Queue", "05.Queue\05.Queue.csproj", "{EA9C9109-6B0F-4B5F-9F7F-FF51B696F4F9}"
EndProject
Project("{FAE04EC0-301F-11D3-BF4B-00C04F79EFBC}") = "06.HashTable_Dictionary", "06.HashTable_Dictionary\06.HashTable_Dictionary.csproj", "{460315C8-1341-4F7E-A4A9-1CCD76E48CF2}"
EndProject
Project("{FAE04EC0-301F-11D3-BF4B-00C04F79EFBC}") = "07.Recursive_Function", "07.Recursive_Function\07.Recursive_Function.csproj", "{7B28B105-7819-4735-94E0-CAA79753A60D}"
EndProject
Project("{FAE04EC0-301F-11D3-BF4B-00C04F79EFBC}") = "08.Selection_Sort", "08.Selection_Sort\08.Selection_Sort.csproj", "{5452BB51-6572-4268-A9B4-76C573F50E9C}"
EndProject
Project("{FAE04EC0-301F-11D3-BF4B-00C04F79EFBC}") = "09.Bubble_Sort", "09.Bubble_Sort\09.Bubble_Sort.csproj", "{B9216957-E59B-40B0-817E-2F9D31A03C0B}"
EndProject
Project("{FAE04EC0-301F-11D3-BF4B-00C04F79EFBC}") = "10.Quick_Sort", "10.Quick_Sort\10.Quick_Sort.csproj", "{CCC8E27D-A6B6-42A9-836B-8323BD170C59}"
EndProject
Project("{FAE04EC0-301F-11D3-BF4B-00C04F79EFBC}") = "11.Insertion_Sort", "11.Insertion_Sort\11.Insertion_Sort.csproj", "{9385B361-1995-4E9E-A72E-239757637B20}"
EndProject
Project("{FAE04EC0-301F-11D3-BF4B-00C04F79EFBC}") = "12.Heap_Sort", "12.Heap_Sort\12.Heap_Sort.csproj", "{D49F9E42-2ADD-4867-8994-8C7674070596}"
EndProject
Project("{FAE04EC0-301F-11D3-BF4B-00C04F79EFBC}") = "13.Tree", "13.Tree\13.Tree.csproj", "{59858476-6E70-48ED-9D71-4A3789973989}"
EndProject
Project("{FAE04EC0-301F-11D3-BF4B-00C04F79EFBC}") = "14.Graph", "14.Graph\14.Graph.csproj", "{0438AB63-124A-4179-BE37-287B352D7BDB}"
EndProject
Global
	GlobalSection(SolutionConfigurationPlatforms) = preSolution
		Debug|Any CPU = Debug|Any CPU
		Release|Any CPU = Release|Any CPU
	EndGlobalSection
	GlobalSection(ProjectConfigurationPlatforms) = postSolution
		{492034E4-0483-4391-8E02-2C8F7AE67FC0}.Debug|Any CPU.ActiveCfg = Debug|Any CPU
		{492034E4-0483-4391-8E02-2C8F7AE67FC0}.Debug|Any CPU.Build.0 = Debug|Any CPU
		{492034E4-0483-4391-8E02-2C8F7AE67FC0}.Release|Any CPU.ActiveCfg = Release|Any CPU
		{492034E4-0483-4391-8E02-2C8F7AE67FC0}.Release|Any CPU.Build.0 = Release|Any CPU
		{72C56747-BB8D-47EA-964D-4C040986A196}.Debug|Any CPU.ActiveCfg = Debug|Any CPU
		{72C56747-BB8D-47EA-964D-4C040986A196}.Debug|Any CPU.Build.0 = Debug|Any CPU
		{72C56747-BB8D-47EA-964D-4C040986A196}.Release|Any CPU.ActiveCfg = Release|Any CPU
		{72C56747-BB8D-47EA-964D-4C040986A196}.Release|Any CPU.Build.0 = Release|Any CPU
		{892668F0-34C4-4E24-A76F-D405783BB1BC}.Debug|Any CPU.ActiveCfg = Debug|Any CPU
		{892668F0-34C4-4E24-A76F-D405783BB1BC}.Debug|Any CPU.Build.0 = Debug|Any CPU
		{892668F0-34C4-4E24-A76F-D405783BB1BC}.Release|Any CPU.ActiveCfg = Release|Any CPU
		{892668F0-34C4-4E24-A76F-D405783BB1BC}.Release|Any CPU.Build.0 = Release|Any CPU
		{6467F142-AA80-4E35-B5EF-9F62BA04093B}.Debug|Any CPU.ActiveCfg = Debug|Any CPU
		{6467F142-AA80-4E35-B5EF-9F62BA04093B}.Debug|Any CPU.Build.0 = Debug|Any CPU
		{6467F142-AA80-4E35-B5EF-9F62BA04093B}.Release|Any CPU.ActiveCfg = Release|Any CPU
		{6467F142-AA80-4E35-B5EF-9F62BA04093B}.Release|Any CPU.Build.0 = Release|Any CPU
		{EA9C9109-6B0F-4B5F-9F7F-FF51B696F4F9}.Debug|Any CPU.ActiveCfg = Debug|Any CPU
		{EA9C9109-6B0F-4B5F-9F7F-FF51B696F4F9}.Debug|Any CPU.Build.0 = Debug|Any CPU
		{EA9C9109-6B0F-4B5F-9F7F-FF51B696F4F9}.Release|Any CPU.ActiveCfg = Release|Any CPU
		{EA9C9109-6B0F-4B5F-9F7F-FF51B696F4F9}.Release|Any CPU.Build.0 = Release|Any CPU
		{460315C8-1341-4F7E-A4A9-1CCD76E48CF2}.Debug|Any CPU.ActiveCfg = Debug|Any CPU
		{460315C8-1341-4F7E-A4A9-1CCD76E48CF2}.Debug|Any CPU.Build.0 = Debug|Any CPU
		{460315C8-1341-4F7E-A4A9-1CCD76E48CF2}.Release|Any CPU.ActiveCfg = Release|Any CPU
		{460315C8-1341-4F7E-A4A9-1CCD76E48CF2}.Release|Any CPU.Build.0 = Release|Any CPU
		{7B28B105-7819-4735-94E0-CAA79753A60D}.Debug|Any CPU.ActiveCfg = Debug|Any CPU
		{7B28B105-7819-4735-94E0-CAA79753A60D}.Debug|Any CPU.Build.0 = Debug|Any CPU
		{7B28B105-7819-4735-94E0-CAA79753A60D}.Release|Any CPU.ActiveCfg = Release|Any CPU
		{7B28B105-7819-4735-94E0-CAA79753A60D}.Release|Any CPU.Build.0 = Release|Any CPU
		{5452BB51-6572-4268-A9B4-76C573F50E9C}.Debug|Any CPU.ActiveCfg = Debug|Any CPU
		{5452BB51-6572-4268-A9B4-76C573F50E9C}.Debug|Any CPU.Build.0 = Debug|Any CPU
		{5452BB51-6572-4268-A9B4-76C573F50E9C}.Release|Any CPU.ActiveCfg = Release|Any CPU
		{5452BB51-6572-4268-A9B4-76C573F50E9C}.Release|Any CPU.Build.0 = Release|Any CPU
		{B9216957-E59B-40B0-817E-2F9D31A03C0B}.Debug|Any CPU.ActiveCfg = Debug|Any CPU
		{B9216957-E59B-40B0-817E-2F9D31A03C0B}.Debug|Any CPU.Build.0 = Debug|Any CPU
		{B9216957-E59B-40B0-817E-2F9D31A03C0B}.Release|Any CPU.ActiveCfg = Release|Any CPU
		{B9216957-E59B-40B0-817E-2F9D31A03C0B}.Release|Any CPU.Build.0 = Release|Any CPU
		{CCC8E27D-A6B6-42A9-836B-8323BD170C59}.Debug|Any CPU.ActiveCfg = Debug|Any CPU
		{CCC8E27D-A6B6-42A9-836B-8323BD170C59}.Debug|Any CPU.Build.0 = Debug|Any CPU
		{CCC8E27D-A6B6-42A9-836B-8323BD170C59}.Release|Any CPU.ActiveCfg = Release|Any CPU
		{CCC8E27D-A6B6-42A9-836B-8323BD170C59}.Release|Any CPU.Build.0 = Release|Any CPU
		{9385B361-1995-4E9E-A72E-239757637B20}.Debug|Any CPU.ActiveCfg = Debug|Any CPU
		{9385B361-1995-4E9E-A72E-239757637B20}.Debug|Any CPU.Build.0 = Debug|Any CPU
		{9385B361-1995-4E9E-A72E-239757637B20}.Release|Any CPU.ActiveCfg = Release|Any CPU
		{9385B361-1995-4E9E-A72E-239757637B20}.Release|Any CPU.Build.0 = Release|Any CPU
		{D49F9E42-2ADD-4867-8994-8C7674070596}.Debug|Any CPU.ActiveCfg = Debug|Any CPU
		{D49F9E42-2ADD-4867-8994-8C7674070596}.Debug|Any CPU.Build.0 = Debug|Any CPU
		{D49F9E42-2ADD-4867-8994-8C7674070596}.Release|Any CPU.ActiveCfg = Release|Any CPU
		{D49F9E42-2ADD-4867-8994-8C7674070596}.Release|Any CPU.Build.0 = Release|Any CPU
		{59858476-6E70-48ED-9D71-4A3789973989}.Debug|Any CPU.ActiveCfg = Debug|Any CPU
		{59858476-6E70-48ED-9D71-4A3789973989}.Debug|Any CPU.Build.0 = Debug|Any CPU
		{59858476-6E70-48ED-9D71-4A3789973989}.Release|Any CPU.ActiveCfg = Release|Any CPU
		{59858476-6E70-48ED-9D71-4A3789973989}.Release|Any CPU.Build.0 = Release|Any CPU
		{0438AB63-124A-4179-BE37-287B352D7BDB}.Debug|Any CPU.ActiveCfg = Debug|Any CPU
		{0438AB63-124A-4179-BE37-287B352D7BDB}.Debug|Any CPU.Build.0 = Debug|Any CPU
		{0438AB63-124A-4179-BE37-287B352D7BDB}.Release|Any CPU.ActiveCfg = Release|Any CPU
		{0438AB63-124A-4179-BE37-287B352D7BDB}.Release|Any CPU.Build.0 = Release|Any CPU
	EndGlobalSection
	GlobalSection(SolutionProperties) = preSolution
		HideSolutionNode = FALSE
	EndGlobalSection
	GlobalSection(ExtensibilityGlobals) = postSolution
		SolutionGuid = {54AEEC74-9D53-4C6E-A8ED-9F404A4066EA}
	EndGlobalSection
EndGlobal
